
Microsoft Visual Studio Solution File, Format Version 12.00
# Visual Studio Version 16
VisualStudioVersion = 16.0.29230.47
MinimumVisualStudioVersion = 10.0.40219.1
Project("{9A19103F-16F7-4668-BE54-9A1E7A4F7556}") = "Compressor", "Compressor\Compressor.csproj", "{68FDB3C6-8C2D-4D80-8613-1F67D938322E}"
EndProject
Project("{9A19103F-16F7-4668-BE54-9A1E7A4F7556}") = "PipelineTests", "Tests\PipelineTests.csproj", "{BB28AEFA-739A-497D-BEA5-2E9E7BF29F65}"
EndProject
Global
	GlobalSection(SolutionConfigurationPlatforms) = preSolution
		Debug|Any CPU = Debug|Any CPU
		Debug|x86 = Debug|x86
		Release|Any CPU = Release|Any CPU
		Release|x86 = Release|x86
	EndGlobalSection
	GlobalSection(ProjectConfigurationPlatforms) = postSolution
		{68FDB3C6-8C2D-4D80-8613-1F67D938322E}.Debug|Any CPU.ActiveCfg = Debug|Any CPU
		{68FDB3C6-8C2D-4D80-8613-1F67D938322E}.Debug|Any CPU.Build.0 = Debug|Any CPU
		{68FDB3C6-8C2D-4D80-8613-1F67D938322E}.Debug|x86.ActiveCfg = Debug|x86
		{68FDB3C6-8C2D-4D80-8613-1F67D938322E}.Debug|x86.Build.0 = Debug|x86
		{68FDB3C6-8C2D-4D80-8613-1F67D938322E}.Release|Any CPU.ActiveCfg = Release|Any CPU
		{68FDB3C6-8C2D-4D80-8613-1F67D938322E}.Release|Any CPU.Build.0 = Release|Any CPU
		{68FDB3C6-8C2D-4D80-8613-1F67D938322E}.Release|x86.ActiveCfg = Release|x86
		{68FDB3C6-8C2D-4D80-8613-1F67D938322E}.Release|x86.Build.0 = Release|x86
		{BB28AEFA-739A-497D-BEA5-2E9E7BF29F65}.Debug|Any CPU.ActiveCfg = Debug|Any CPU
		{BB28AEFA-739A-497D-BEA5-2E9E7BF29F65}.Debug|Any CPU.Build.0 = Debug|Any CPU
		{BB28AEFA-739A-497D-BEA5-2E9E7BF29F65}.Debug|x86.ActiveCfg = Debug|Any CPU
		{BB28AEFA-739A-497D-BEA5-2E9E7BF29F65}.Debug|x86.Build.0 = Debug|Any CPU
		{BB28AEFA-739A-497D-BEA5-2E9E7BF29F65}.Release|Any CPU.ActiveCfg = Release|Any CPU
		{BB28AEFA-739A-497D-BEA5-2E9E7BF29F65}.Release|Any CPU.Build.0 = Release|Any CPU
		{BB28AEFA-739A-497D-BEA5-2E9E7BF29F65}.Release|x86.ActiveCfg = Release|Any CPU
		{BB28AEFA-739A-497D-BEA5-2E9E7BF29F65}.Release|x86.Build.0 = Release|Any CPU
	EndGlobalSection
	GlobalSection(SolutionProperties) = preSolution
		HideSolutionNode = FALSE
	EndGlobalSection
	GlobalSection(ExtensibilityGlobals) = postSolution
		SolutionGuid = {6B110248-4A2A-4085-A229-4A8C0561FF85}
	EndGlobalSection
EndGlobal
